// !$*UTF8*$!
{
	archiveVersion = 1;
	classes = {
	};
	objectVersion = 46;
	objects = {

/* Begin PBXBuildFile section */
		3E60F4F391D706ACE608349F /* Pods_Walt_Example.framework in Frameworks */ = {isa = PBXBuildFile; fileRef = 43D9B2F35BE8BF6E705F5B8A /* Pods_Walt_Example.framework */; };
		ABD09AD61F675C2100D54056 /* AppDelegate.swift in Sources */ = {isa = PBXBuildFile; fileRef = ABD09AD51F675C2100D54056 /* AppDelegate.swift */; };
		ABD09AD81F675C2100D54056 /* ViewController.swift in Sources */ = {isa = PBXBuildFile; fileRef = ABD09AD71F675C2100D54056 /* ViewController.swift */; };
		ABD09ADB1F675C2100D54056 /* Main.storyboard in Resources */ = {isa = PBXBuildFile; fileRef = ABD09AD91F675C2100D54056 /* Main.storyboard */; };
		ABD09ADD1F675C2100D54056 /* Assets.xcassets in Resources */ = {isa = PBXBuildFile; fileRef = ABD09ADC1F675C2100D54056 /* Assets.xcassets */; };
		ABD09AE01F675C2100D54056 /* LaunchScreen.storyboard in Resources */ = {isa = PBXBuildFile; fileRef = ABD09ADE1F675C2100D54056 /* LaunchScreen.storyboard */; };
/* End PBXBuildFile section */

/* Begin PBXFileReference section */
		336387455F15DF56130BCCDC /* Pods-Walt-Example.release.xcconfig */ = {isa = PBXFileReference; includeInIndex = 1; lastKnownFileType = text.xcconfig; name = "Pods-Walt-Example.release.xcconfig"; path = "Pods/Target Support Files/Pods-Walt-Example/Pods-Walt-Example.release.xcconfig"; sourceTree = "<group>"; };
		43D9B2F35BE8BF6E705F5B8A /* Pods_Walt_Example.framework */ = {isa = PBXFileReference; explicitFileType = wrapper.framework; includeInIndex = 0; path = Pods_Walt_Example.framework; sourceTree = BUILT_PRODUCTS_DIR; };
		ABD09AD21F675C2100D54056 /* Walt-Example.app */ = {isa = PBXFileReference; explicitFileType = wrapper.application; includeInIndex = 0; path = "Walt-Example.app"; sourceTree = BUILT_PRODUCTS_DIR; };
		ABD09AD51F675C2100D54056 /* AppDelegate.swift */ = {isa = PBXFileReference; lastKnownFileType = sourcecode.swift; path = AppDelegate.swift; sourceTree = "<group>"; };
		ABD09AD71F675C2100D54056 /* ViewController.swift */ = {isa = PBXFileReference; lastKnownFileType = sourcecode.swift; path = ViewController.swift; sourceTree = "<group>"; };
		ABD09ADA1F675C2100D54056 /* Base */ = {isa = PBXFileReference; lastKnownFileType = file.storyboard; name = Base; path = Base.lproj/Main.storyboard; sourceTree = "<group>"; };
		ABD09ADC1F675C2100D54056 /* Assets.xcassets */ = {isa = PBXFileReference; lastKnownFileType = folder.assetcatalog; path = Assets.xcassets; sourceTree = "<group>"; };
		ABD09ADF1F675C2100D54056 /* Base */ = {isa = PBXFileReference; lastKnownFileType = file.storyboard; name = Base; path = Base.lproj/LaunchScreen.storyboard; sourceTree = "<group>"; };
		ABD09AE11F675C2100D54056 /* Info.plist */ = {isa = PBXFileReference; lastKnownFileType = text.plist.xml; path = Info.plist; sourceTree = "<group>"; };
		BFF4344638522717B5F78378 /* Pods-Walt-Example.debug.xcconfig */ = {isa = PBXFileReference; includeInIndex = 1; lastKnownFileType = text.xcconfig; name = "Pods-Walt-Example.debug.xcconfig"; path = "Pods/Target Support Files/Pods-Walt-Example/Pods-Walt-Example.debug.xcconfig"; sourceTree = "<group>"; };
/* End PBXFileReference section */

/* Begin PBXFrameworksBuildPhase section */
		ABD09ACF1F675C2100D54056 /* Frameworks */ = {
			isa = PBXFrameworksBuildPhase;
			buildActionMask = 2147483647;
			files = (
				3E60F4F391D706ACE608349F /* Pods_Walt_Example.framework in Frameworks */,
			);
			runOnlyForDeploymentPostprocessing = 0;
		};
/* End PBXFrameworksBuildPhase section */

/* Begin PBXGroup section */
		043A06E4186B4EA322099DE9 /* Frameworks */ = {
			isa = PBXGroup;
			children = (
				43D9B2F35BE8BF6E705F5B8A /* Pods_Walt_Example.framework */,
			);
			name = Frameworks;
			sourceTree = "<group>";
		};
		ABD09AC91F675C2100D54056 = {
			isa = PBXGroup;
			children = (
				ABD09AD41F675C2100D54056 /* Walt-Example */,
				ABD09AD31F675C2100D54056 /* Products */,
				CB25CDB81FF977A513787BB1 /* Pods */,
				043A06E4186B4EA322099DE9 /* Frameworks */,
			);
			sourceTree = "<group>";
		};
		ABD09AD31F675C2100D54056 /* Products */ = {
			isa = PBXGroup;
			children = (
				ABD09AD21F675C2100D54056 /* Walt-Example.app */,
			);
			name = Products;
			sourceTree = "<group>";
		};
		ABD09AD41F675C2100D54056 /* Walt-Example */ = {
			isa = PBXGroup;
			children = (
				ABD09AD51F675C2100D54056 /* AppDelegate.swift */,
				ABD09AD71F675C2100D54056 /* ViewController.swift */,
				ABD09AD91F675C2100D54056 /* Main.storyboard */,
				ABD09ADC1F675C2100D54056 /* Assets.xcassets */,
				ABD09ADE1F675C2100D54056 /* LaunchScreen.storyboard */,
				ABD09AE11F675C2100D54056 /* Info.plist */,
			);
			path = "Walt-Example";
			sourceTree = "<group>";
		};
		CB25CDB81FF977A513787BB1 /* Pods */ = {
			isa = PBXGroup;
			children = (
				BFF4344638522717B5F78378 /* Pods-Walt-Example.debug.xcconfig */,
				336387455F15DF56130BCCDC /* Pods-Walt-Example.release.xcconfig */,
			);
			name = Pods;
			sourceTree = "<group>";
		};
/* End PBXGroup section */

/* Begin PBXNativeTarget section */
		ABD09AD11F675C2100D54056 /* Walt-Example */ = {
			isa = PBXNativeTarget;
			buildConfigurationList = ABD09AE41F675C2100D54056 /* Build configuration list for PBXNativeTarget "Walt-Example" */;
			buildPhases = (
				238124D0F21D72B9BA4F3B9C /* [CP] Check Pods Manifest.lock */,
				ABD09ACE1F675C2100D54056 /* Sources */,
				ABD09ACF1F675C2100D54056 /* Frameworks */,
				ABD09AD01F675C2100D54056 /* Resources */,
				C236250E0F681727A757F91E /* [CP] Embed Pods Frameworks */,
				2B434E6F593E4B0E2CCACC8B /* [CP] Copy Pods Resources */,
			);
			buildRules = (
			);
			dependencies = (
			);
			name = "Walt-Example";
			productName = "Walt-Example";
			productReference = ABD09AD21F675C2100D54056 /* Walt-Example.app */;
			productType = "com.apple.product-type.application";
		};
/* End PBXNativeTarget section */

/* Begin PBXProject section */
		ABD09ACA1F675C2100D54056 /* Project object */ = {
			isa = PBXProject;
			attributes = {
				LastSwiftUpdateCheck = 0830;
				LastUpgradeCheck = 0830;
				ORGANIZATIONNAME = "Zenun Software";
				TargetAttributes = {
					ABD09AD11F675C2100D54056 = {
						CreatedOnToolsVersion = 8.3.3;
						DevelopmentTeam = BG3Y5KSHNC;
						ProvisioningStyle = Automatic;
					};
				};
			};
			buildConfigurationList = ABD09ACD1F675C2100D54056 /* Build configuration list for PBXProject "Walt-Example" */;
			compatibilityVersion = "Xcode 3.2";
			developmentRegion = English;
			hasScannedForEncodings = 0;
			knownRegions = (
				en,
				Base,
			);
			mainGroup = ABD09AC91F675C2100D54056;
			productRefGroup = ABD09AD31F675C2100D54056 /* Products */;
			projectDirPath = "";
			projectRoot = "";
			targets = (
				ABD09AD11F675C2100D54056 /* Walt-Example */,
			);
		};
/* End PBXProject section */

/* Begin PBXResourcesBuildPhase section */
		ABD09AD01F675C2100D54056 /* Resources */ = {
			isa = PBXResourcesBuildPhase;
			buildActionMask = 2147483647;
			files = (
				ABD09AE01F675C2100D54056 /* LaunchScreen.storyboard in Resources */,
				ABD09ADD1F675C2100D54056 /* Assets.xcassets in Resources */,
				ABD09ADB1F675C2100D54056 /* Main.storyboard in Resources */,
			);
			runOnlyForDeploymentPostprocessing = 0;
		};
/* End PBXResourcesBuildPhase section */

/* Begin PBXShellScriptBuildPhase section */
		238124D0F21D72B9BA4F3B9C /* [CP] Check Pods Manifest.lock */ = {
			isa = PBXShellScriptBuildPhase;
			buildActionMask = 2147483647;
			files = (
			);
			inputPaths = (
			);
			name = "[CP] Check Pods Manifest.lock";
			outputPaths = (
			);
			runOnlyForDeploymentPostprocessing = 0;
			shellPath = /bin/sh;
			shellScript = "diff \"${PODS_ROOT}/../Podfile.lock\" \"${PODS_ROOT}/Manifest.lock\" > /dev/null\nif [ $? != 0 ] ; then\n    # print error to STDERR\n    echo \"error: The sandbox is not in sync with the Podfile.lock. Run \'pod install\' or update your CocoaPods installation.\" >&2\n    exit 1\nfi\n";
			showEnvVarsInLog = 0;
		};
		2B434E6F593E4B0E2CCACC8B /* [CP] Copy Pods Resources */ = {
			isa = PBXShellScriptBuildPhase;
			buildActionMask = 2147483647;
			files = (
			);
			inputPaths = (
			);
			name = "[CP] Copy Pods Resources";
			outputPaths = (
			);
			runOnlyForDeploymentPostprocessing = 0;
			shellPath = /bin/sh;
			shellScript = "\"${SRCROOT}/Pods/Target Support Files/Pods-Walt-Example/Pods-Walt-Example-resources.sh\"\n";
			showEnvVarsInLog = 0;
		};
		C236250E0F681727A757F91E /* [CP] Embed Pods Frameworks */ = {
			isa = PBXShellScriptBuildPhase;
			buildActionMask = 2147483647;
			files = (
			);
			inputPaths = (
			);
			name = "[CP] Embed Pods Frameworks";
			outputPaths = (
			);
			runOnlyForDeploymentPostprocessing = 0;
			shellPath = /bin/sh;
			shellScript = "\"${SRCROOT}/Pods/Target Support Files/Pods-Walt-Example/Pods-Walt-Example-frameworks.sh\"\n";
			showEnvVarsInLog = 0;
		};
/* End PBXShellScriptBuildPhase section */

/* Begin PBXSourcesBuildPhase section */
		ABD09ACE1F675C2100D54056 /* Sources */ = {
			isa = PBXSourcesBuildPhase;
			buildActionMask = 2147483647;
			files = (
				ABD09AD81F675C2100D54056 /* ViewController.swift in Sources */,
				ABD09AD61F675C2100D54056 /* AppDelegate.swift in Sources */,
			);
			runOnlyForDeploymentPostprocessing = 0;
		};
/* End PBXSourcesBuildPhase section */

/* Begin PBXVariantGroup section */
		ABD09AD91F675C2100D54056 /* Main.storyboard */ = {
			isa = PBXVariantGroup;
			children = (
				ABD09ADA1F675C2100D54056 /* Base */,
			);
			name = Main.storyboard;
			sourceTree = "<group>";
		};
		ABD09ADE1F675C2100D54056 /* LaunchScreen.storyboard */ = {
			isa = PBXVariantGroup;
			children = (
				ABD09ADF1F675C2100D54056 /* Base */,
			);
			name = LaunchScreen.storyboard;
			sourceTree = "<group>";
		};
/* End PBXVariantGroup section */

/* Begin XCBuildConfiguration section */
		ABD09AE21F675C2100D54056 /* Debug */ = {
			isa = XCBuildConfiguration;
			buildSettings = {
				ALWAYS_SEARCH_USER_PATHS = NO;
				CLANG_ANALYZER_NONNULL = YES;
				CLANG_ANALYZER_NUMBER_OBJECT_CONVERSION = YES_AGGRESSIVE;
				CLANG_CXX_LANGUAGE_STANDARD = "gnu++0x";
				CLANG_CXX_LIBRARY = "libc++";
				CLANG_ENABLE_MODULES = YES;
				CLANG_ENABLE_OBJC_ARC = YES;
				CLANG_WARN_BOOL_CONVERSION = YES;
				CLANG_WARN_CONSTANT_CONVERSION = YES;
				CLANG_WARN_DIRECT_OBJC_ISA_USAGE = YES_ERROR;
				CLANG_WARN_DOCUMENTATION_COMMENTS = YES;
				CLANG_WARN_EMPTY_BODY = YES;
				CLANG_WARN_ENUM_CONVERSION = YES;
				CLANG_WARN_INFINITE_RECURSION = YES;
				CLANG_WARN_INT_CONVERSION = YES;
				CLANG_WARN_OBJC_ROOT_CLASS = YES_ERROR;
				CLANG_WARN_SUSPICIOUS_MOVE = YES;
				CLANG_WARN_UNREACHABLE_CODE = YES;
				CLANG_WARN__DUPLICATE_METHOD_MATCH = YES;
				"CODE_SIGN_IDENTITY[sdk=iphoneos*]" = "iPhone Developer";
				COPY_PHASE_STRIP = NO;
				DEBUG_INFORMATION_FORMAT = dwarf;
				ENABLE_STRICT_OBJC_MSGSEND = YES;
				ENABLE_TESTABILITY = YES;
				GCC_C_LANGUAGE_STANDARD = gnu99;
				GCC_DYNAMIC_NO_PIC = NO;
				GCC_NO_COMMON_BLOCKS = YES;
				GCC_OPTIMIZATION_LEVEL = 0;
				GCC_PREPROCESSOR_DEFINITIONS = (
					"DEBUG=1",
					"$(inherited)",
				);
				GCC_WARN_64_TO_32_BIT_CONVERSION = YES;
				GCC_WARN_ABOUT_RETURN_TYPE = YES_ERROR;
				GCC_WARN_UNDECLARED_SELECTOR = YES;
				GCC_WARN_UNINITIALIZED_AUTOS = YES_AGGRESSIVE;
				GCC_WARN_UNUSED_FUNCTION = YES;
				GCC_WARN_UNUSED_VARIABLE = YES;
				IPHONEOS_DEPLOYMENT_TARGET = 10.3;
				MTL_ENABLE_DEBUG_INFO = YES;
				ONLY_ACTIVE_ARCH = YES;
				SDKROOT = iphoneos;
				SWIFT_ACTIVE_COMPILATION_CONDITIONS = DEBUG;
				SWIFT_OPTIMIZATION_LEVEL = "-Onone";
				TARGETED_DEVICE_FAMILY = "1,2";
			};
			name = Debug;
		};
		ABD09AE31F675C2100D54056 /* Release */ = {
			isa = XCBuildConfiguration;
			buildSettings = {
				ALWAYS_SEARCH_USER_PATHS = NO;
				CLANG_ANALYZER_NONNULL = YES;
				CLANG_ANALYZER_NUMBER_OBJECT_CONVERSION = YES_AGGRESSIVE;
				CLANG_CXX_LANGUAGE_STANDARD = "gnu++0x";
				CLANG_CXX_LIBRARY = "libc++";
				CLANG_ENABLE_MODULES = YES;
				CLANG_ENABLE_OBJC_ARC = YES;
				CLANG_WARN_BOOL_CONVERSION = YES;
				CLANG_WARN_CONSTANT_CONVERSION = YES;
				CLANG_WARN_DIRECT_OBJC_ISA_USAGE = YES_ERROR;
				CLANG_WARN_DOCUMENTATION_COMMENTS = YES;
				CLANG_WARN_EMPTY_BODY = YES;
				CLANG_WARN_ENUM_CONVERSION = YES;
				CLANG_WARN_INFINITE_RECURSION = YES;
				CLANG_WARN_INT_CONVERSION = YES;
				CLANG_WARN_OBJC_ROOT_CLASS = YES_ERROR;
				CLANG_WARN_SUSPICIOUS_MOVE = YES;
				CLANG_WARN_UNREACHABLE_CODE = YES;
				CLANG_WARN__DUPLICATE_METHOD_MATCH = YES;
				"CODE_SIGN_IDENTITY[sdk=iphoneos*]" = "iPhone Developer";
				COPY_PHASE_STRIP = NO;
				DEBUG_INFORMATION_FORMAT = "dwarf-with-dsym";
				ENABLE_NS_ASSERTIONS = NO;
				ENABLE_STRICT_OBJC_MSGSEND = YES;
				GCC_C_LANGUAGE_STANDARD = gnu99;
				GCC_NO_COMMON_BLOCKS = YES;
				GCC_WARN_64_TO_32_BIT_CONVERSION = YES;
				GCC_WARN_ABOUT_RETURN_TYPE = YES_ERROR;
				GCC_WARN_UNDECLARED_SELECTOR = YES;
				GCC_WARN_UNINITIALIZED_AUTOS = YES_AGGRESSIVE;
				GCC_WARN_UNUSED_FUNCTION = YES;
				GCC_WARN_UNUSED_VARIABLE = YES;
				IPHONEOS_DEPLOYMENT_TARGET = 10.3;
				MTL_ENABLE_DEBUG_INFO = NO;
				SDKROOT = iphoneos;
				SWIFT_OPTIMIZATION_LEVEL = "-Owholemodule";
				TARGETED_DEVICE_FAMILY = "1,2";
				VALIDATE_PRODUCT = YES;
			};
			name = Release;
		};
		ABD09AE51F675C2100D54056 /* Debug */ = {
			isa = XCBuildConfiguration;
			baseConfigurationReference = BFF4344638522717B5F78378 /* Pods-Walt-Example.debug.xcconfig */;
			buildSettings = {
				ASSETCATALOG_COMPILER_APPICON_NAME = AppIcon;
				DEVELOPMENT_TEAM = BG3Y5KSHNC;
				INFOPLIST_FILE = "Walt-Example/Info.plist";
				LD_RUNPATH_SEARCH_PATHS = "$(inherited) @executable_path/Frameworks";
				PRODUCT_BUNDLE_IDENTIFIER = "com.ZenunSoftware.Walt-Example";
				PRODUCT_NAME = "$(TARGET_NAME)";
				SWIFT_VERSION = 3.0;
			};
			name = Debug;
		};
		ABD09AE61F675C2100D54056 /* Release */ = {
			isa = XCBuildConfiguration;
			baseConfigurationReference = 336387455F15DF56130BCCDC /* Pods-Walt-Example.release.xcconfig */;
			buildSettings = {
				ASSETCATALOG_COMPILER_APPICON_NAME = AppIcon;
				DEVELOPMENT_TEAM = BG3Y5KSHNC;
				INFOPLIST_FILE = "Walt-Example/Info.plist";
				LD_RUNPATH_SEARCH_PATHS = "$(inherited) @executable_path/Frameworks";
				PRODUCT_BUNDLE_IDENTIFIER = "com.ZenunSoftware.Walt-Example";
				PRODUCT_NAME = "$(TARGET_NAME)";
				SWIFT_VERSION = 3.0;
			};
			name = Release;
		};
/* End XCBuildConfiguration section */

/* Begin XCConfigurationList section */
		ABD09ACD1F675C2100D54056 /* Build configuration list for PBXProject "Walt-Example" */ = {
			isa = XCConfigurationList;
			buildConfigurations = (
				ABD09AE21F675C2100D54056 /* Debug */,
				ABD09AE31F675C2100D54056 /* Release */,
			);
			defaultConfigurationIsVisible = 0;
			defaultConfigurationName = Release;
		};
		ABD09AE41F675C2100D54056 /* Build configuration list for PBXNativeTarget "Walt-Example" */ = {
			isa = XCConfigurationList;
			buildConfigurations = (
				ABD09AE51F675C2100D54056 /* Debug */,
				ABD09AE61F675C2100D54056 /* Release */,
			);
			defaultConfigurationIsVisible = 0;
		};
/* End XCConfigurationList section */
	};
	rootObject = ABD09ACA1F675C2100D54056 /* Project object */;
}
